
Microsoft Visual Studio Solution File, Format Version 12.00
# Visual Studio Version 17
VisualStudioVersion = 17.4.33403.182
MinimumVisualStudioVersion = 10.0.40219.1
Project("{FAE04EC0-301F-11D3-BF4B-00C04F79EFBC}") = "Portofolio", "Portofolio\Portofolio.csproj", "{33A12D47-1D7D-4E40-9195-C8AC97B93FBD}"
EndProject
Global
	GlobalSection(SolutionConfigurationPlatforms) = preSolution
		Debug|Any CPU = Debug|Any CPU
		Release|Any CPU = Release|Any CPU
	EndGlobalSection
	GlobalSection(ProjectConfigurationPlatforms) = postSolution
		{33A12D47-1D7D-4E40-9195-C8AC97B93FBD}.Debug|Any CPU.ActiveCfg = Debug|Any CPU
		{33A12D47-1D7D-4E40-9195-C8AC97B93FBD}.Debug|Any CPU.Build.0 = Debug|Any CPU
		{33A12D47-1D7D-4E40-9195-C8AC97B93FBD}.Release|Any CPU.ActiveCfg = Release|Any CPU
		{33A12D47-1D7D-4E40-9195-C8AC97B93FBD}.Release|Any CPU.Build.0 = Release|Any CPU
	EndGlobalSection
	GlobalSection(SolutionProperties) = preSolution
		HideSolutionNode = FALSE
	EndGlobalSection
	GlobalSection(ExtensibilityGlobals) = postSolution
		SolutionGuid = {F8EECC99-6001-4F79-BD81-A98BF8340917}
	EndGlobalSection
EndGlobal
